
Microsoft Visual Studio Solution File, Format Version 12.00
# Visual Studio Version 17
VisualStudioVersion = 17.1.32421.90
MinimumVisualStudioVersion = 10.0.40219.1
Project("{9A19103F-16F7-4668-BE54-9A1E7A4F7556}") = "Manager.Core", "src\Manager.Core\Manager.Core.csproj", "{A620C419-F5DC-4D3C-8520-03990BB7CBBF}"
EndProject
Project("{9A19103F-16F7-4668-BE54-9A1E7A4F7556}") = "Manager.Domain", "src\Manager.Domain\Manager.Domain.csproj", "{6186E72F-BCF8-4243-BC9A-E88747F9F89F}"
EndProject
Project("{9A19103F-16F7-4668-BE54-9A1E7A4F7556}") = "Manager.Infra", "src\Manager.Infra\Manager.Infra.csproj", "{B310D6DD-8246-481C-AB8F-4CC0393BAE27}"
EndProject
Project("{9A19103F-16F7-4668-BE54-9A1E7A4F7556}") = "Manager.API", "src\Manager.API\Manager.API.csproj", "{03727A69-6661-4B72-9650-4D1537A5F1CA}"
EndProject
Project("{FAE04EC0-301F-11D3-BF4B-00C04F79EFBC}") = "Manager.Services", "src\Manager.Services\Manager.Services.csproj", "{15CD1CA0-9D54-4AF7-84A8-B872AB544E45}"
EndProject
Global
	GlobalSection(SolutionConfigurationPlatforms) = preSolution
		Debug|Any CPU = Debug|Any CPU
		Release|Any CPU = Release|Any CPU
	EndGlobalSection
	GlobalSection(ProjectConfigurationPlatforms) = postSolution
		{A620C419-F5DC-4D3C-8520-03990BB7CBBF}.Debug|Any CPU.ActiveCfg = Debug|Any CPU
		{A620C419-F5DC-4D3C-8520-03990BB7CBBF}.Debug|Any CPU.Build.0 = Debug|Any CPU
		{A620C419-F5DC-4D3C-8520-03990BB7CBBF}.Release|Any CPU.ActiveCfg = Release|Any CPU
		{A620C419-F5DC-4D3C-8520-03990BB7CBBF}.Release|Any CPU.Build.0 = Release|Any CPU
		{6186E72F-BCF8-4243-BC9A-E88747F9F89F}.Debug|Any CPU.ActiveCfg = Debug|Any CPU
		{6186E72F-BCF8-4243-BC9A-E88747F9F89F}.Debug|Any CPU.Build.0 = Debug|Any CPU
		{6186E72F-BCF8-4243-BC9A-E88747F9F89F}.Release|Any CPU.ActiveCfg = Release|Any CPU
		{6186E72F-BCF8-4243-BC9A-E88747F9F89F}.Release|Any CPU.Build.0 = Release|Any CPU
		{B310D6DD-8246-481C-AB8F-4CC0393BAE27}.Debug|Any CPU.ActiveCfg = Debug|Any CPU
		{B310D6DD-8246-481C-AB8F-4CC0393BAE27}.Debug|Any CPU.Build.0 = Debug|Any CPU
		{B310D6DD-8246-481C-AB8F-4CC0393BAE27}.Release|Any CPU.ActiveCfg = Release|Any CPU
		{B310D6DD-8246-481C-AB8F-4CC0393BAE27}.Release|Any CPU.Build.0 = Release|Any CPU
		{03727A69-6661-4B72-9650-4D1537A5F1CA}.Debug|Any CPU.ActiveCfg = Debug|Any CPU
		{03727A69-6661-4B72-9650-4D1537A5F1CA}.Debug|Any CPU.Build.0 = Debug|Any CPU
		{03727A69-6661-4B72-9650-4D1537A5F1CA}.Release|Any CPU.ActiveCfg = Release|Any CPU
		{03727A69-6661-4B72-9650-4D1537A5F1CA}.Release|Any CPU.Build.0 = Release|Any CPU
		{15CD1CA0-9D54-4AF7-84A8-B872AB544E45}.Debug|Any CPU.ActiveCfg = Debug|Any CPU
		{15CD1CA0-9D54-4AF7-84A8-B872AB544E45}.Debug|Any CPU.Build.0 = Debug|Any CPU
		{15CD1CA0-9D54-4AF7-84A8-B872AB544E45}.Release|Any CPU.ActiveCfg = Release|Any CPU
		{15CD1CA0-9D54-4AF7-84A8-B872AB544E45}.Release|Any CPU.Build.0 = Release|Any CPU
	EndGlobalSection
	GlobalSection(SolutionProperties) = preSolution
		HideSolutionNode = FALSE
	EndGlobalSection
	GlobalSection(ExtensibilityGlobals) = postSolution
		SolutionGuid = {34AFAE6C-AD98-4742-9FC2-AEDBB510FAEF}
	EndGlobalSection
EndGlobal
